
Microsoft Visual Studio Solution File, Format Version 12.00
# Visual Studio Version 16
VisualStudioVersion = 16.0.29020.237
MinimumVisualStudioVersion = 10.0.40219.1
Project("{9A19103F-16F7-4668-BE54-9A1E7A4F7556}") = "IoT.Domain", "src\IoT.Domain\IoT.Domain.csproj", "{554AD327-6DBA-4F8F-96F8-81CE7A0C863F}"
EndProject
Project("{9A19103F-16F7-4668-BE54-9A1E7A4F7556}") = "IoT.Application", "src\IoT.Application\IoT.Application.csproj", "{1A94A50E-06DC-43C1-80B5-B662820EC3EB}"
EndProject
Project("{9A19103F-16F7-4668-BE54-9A1E7A4F7556}") = "IoT.Web", "src\IoT.Web\IoT.Web.csproj", "{068855E8-9240-4F1A-910B-CF825794513B}"
EndProject
Project("{2150E333-8FDC-42A3-9474-1A3956D46DE8}") = "src", "src", "{CA9AC87F-097E-4F15-8393-4BC07735A5B0}"
EndProject
Project("{9A19103F-16F7-4668-BE54-9A1E7A4F7556}") = "IoT.MongoDB", "src\IoT.MongoDB\IoT.MongoDB.csproj", "{E3444355-D47E-431E-BDD0-DD3A7113B2AE}"
EndProject
Project("{9A19103F-16F7-4668-BE54-9A1E7A4F7556}") = "IoT.Domain.Shared", "src\IoT.Domain.Shared\IoT.Domain.Shared.csproj", "{42F719ED-8413-4895-B5B4-5AB56079BC66}"
EndProject
Project("{9A19103F-16F7-4668-BE54-9A1E7A4F7556}") = "IoT.Application.Contracts", "src\IoT.Application.Contracts\IoT.Application.Contracts.csproj", "{520659C8-C734-4298-A3DA-B539DB9DFC0B}"
EndProject
Project("{9A19103F-16F7-4668-BE54-9A1E7A4F7556}") = "IoT.HttpApi", "src\IoT.HttpApi\IoT.HttpApi.csproj", "{4164BDF7-F527-4E85-9CE6-E3C2D7426A27}"
EndProject
Project("{9A19103F-16F7-4668-BE54-9A1E7A4F7556}") = "IoT.HttpApi.Client", "src\IoT.HttpApi.Client\IoT.HttpApi.Client.csproj", "{3B5A0094-670D-4BB1-BFDD-61B88A8773DC}"
EndProject
Project("{9A19103F-16F7-4668-BE54-9A1E7A4F7556}") = "IoT.DbMigrator", "src\IoT.DbMigrator\IoT.DbMigrator.csproj", "{AA94D832-1CCC-4715-95A9-A483F23A1A5D}"
EndProject
Project("{2150E333-8FDC-42A3-9474-1A3956D46DE8}") = "Module", "Module", "{C74AECF3-8ACB-46A4-9A21-AD2E20CCD8B0}"
EndProject
Project("{2150E333-8FDC-42A3-9474-1A3956D46DE8}") = "Account", "Account", "{9407C87A-1F57-4317-B281-AB1E5A3758FC}"
EndProject
Project("{9A19103F-16F7-4668-BE54-9A1E7A4F7556}") = "Volo.Abp.Account.Application", "..\Module\Account\src\Volo.Abp.Account.Application\Volo.Abp.Account.Application.csproj", "{E4D2DE1C-49E4-44CA-9B93-C86516A41C86}"
EndProject
Project("{9A19103F-16F7-4668-BE54-9A1E7A4F7556}") = "Volo.Abp.Account.Application.Contracts", "..\Module\Account\src\Volo.Abp.Account.Application.Contracts\Volo.Abp.Account.Application.Contracts.csproj", "{2855B062-0B46-487F-8137-5975F8CCB13C}"
EndProject
Project("{9A19103F-16F7-4668-BE54-9A1E7A4F7556}") = "Volo.Abp.Account.Blazor", "..\Module\Account\src\Volo.Abp.Account.Blazor\Volo.Abp.Account.Blazor.csproj", "{7794A817-5A02-4EBE-BAEF-4A1F6B78BEF8}"
EndProject
Project("{9A19103F-16F7-4668-BE54-9A1E7A4F7556}") = "Volo.Abp.Account.HttpApi", "..\Module\Account\src\Volo.Abp.Account.HttpApi\Volo.Abp.Account.HttpApi.csproj", "{39D2CB5A-239B-43BC-A2EA-0A0C0AD7E815}"
EndProject
Project("{9A19103F-16F7-4668-BE54-9A1E7A4F7556}") = "Volo.Abp.Account.HttpApi.Client", "..\Module\Account\src\Volo.Abp.Account.HttpApi.Client\Volo.Abp.Account.HttpApi.Client.csproj", "{019FC3B0-3F88-47AA-8403-B0FED5CFDD95}"
EndProject
Project("{9A19103F-16F7-4668-BE54-9A1E7A4F7556}") = "Volo.Abp.Account.Web", "..\Module\Account\src\Volo.Abp.Account.Web\Volo.Abp.Account.Web.csproj", "{242A40B4-C329-49C0-9510-0439F89D91CE}"
EndProject
Project("{9A19103F-16F7-4668-BE54-9A1E7A4F7556}") = "Volo.Abp.Account.Web.IdentityServer", "..\Module\Account\src\Volo.Abp.Account.Web.IdentityServer\Volo.Abp.Account.Web.IdentityServer.csproj", "{CF12614D-3A51-48C9-897A-0AD8EA3D7C4B}"
EndProject
Project("{2150E333-8FDC-42A3-9474-1A3956D46DE8}") = "Theme", "Theme", "{289FC0E7-35D3-4626-8109-E8FFF7CFEE0C}"
EndProject
Project("{9A19103F-16F7-4668-BE54-9A1E7A4F7556}") = "Volo.Abp.AspNetCore.Mvc.UI.Theme.Basic", "..\Module\Theme\Volo.Abp.AspNetCore.Mvc.UI.Theme.Basic\Volo.Abp.AspNetCore.Mvc.UI.Theme.Basic.csproj", "{279E45D6-53B2-4029-A52D-91CA2D272477}"
EndProject
Project("{9A19103F-16F7-4668-BE54-9A1E7A4F7556}") = "Volo.Abp.AspNetCore.Mvc.UI.Theme.Shared", "..\Module\Theme\Volo.Abp.AspNetCore.Mvc.UI.Theme.Shared\Volo.Abp.AspNetCore.Mvc.UI.Theme.Shared.csproj", "{806FBBE5-3171-43C3-97FD-4A227F5B7A99}"
EndProject
Project("{2150E333-8FDC-42A3-9474-1A3956D46DE8}") = "BTS", "BTS", "{5B1BB215-8283-4EB3-9F3E-21FBEC7B18AC}"
EndProject
Project("{9A19103F-16F7-4668-BE54-9A1E7A4F7556}") = "IoT.BTS.Application", "..\Module\BTS\src\IoT.BTS.Application\IoT.BTS.Application.csproj", "{62E3D3FF-B8E3-4205-8F19-FFFCA38FBB3D}"
EndProject
Project("{9A19103F-16F7-4668-BE54-9A1E7A4F7556}") = "IoT.BTS.Application.Contracts", "..\Module\BTS\src\IoT.BTS.Application.Contracts\IoT.BTS.Application.Contracts.csproj", "{A495DF7C-64E6-4D9A-A954-55C8D2C018FA}"
EndProject
Project("{9A19103F-16F7-4668-BE54-9A1E7A4F7556}") = "IoT.BTS.Blazor", "..\Module\BTS\src\IoT.BTS.Blazor\IoT.BTS.Blazor.csproj", "{77B06FD6-1494-45CC-90FB-A7DD29DFF280}"
EndProject
Project("{9A19103F-16F7-4668-BE54-9A1E7A4F7556}") = "IoT.BTS.Domain", "..\Module\BTS\src\IoT.BTS.Domain\IoT.BTS.Domain.csproj", "{91BDC7B7-D714-4F60-AA8F-4128EDEE6795}"
EndProject
Project("{9A19103F-16F7-4668-BE54-9A1E7A4F7556}") = "IoT.BTS.Domain.Shared", "..\Module\BTS\src\IoT.BTS.Domain.Shared\IoT.BTS.Domain.Shared.csproj", "{4556C2AA-078C-4267-B7CB-A1436FD1E212}"
EndProject
Project("{9A19103F-16F7-4668-BE54-9A1E7A4F7556}") = "IoT.BTS.EntityFrameworkCore", "..\Module\BTS\src\IoT.BTS.EntityFrameworkCore\IoT.BTS.EntityFrameworkCore.csproj", "{A5E757A5-84A6-485E-8D7B-0E17177F5479}"
EndProject
Project("{9A19103F-16F7-4668-BE54-9A1E7A4F7556}") = "IoT.BTS.HttpApi", "..\Module\BTS\src\IoT.BTS.HttpApi\IoT.BTS.HttpApi.csproj", "{17195786-ADE7-49AB-A0A4-BEA735DA33E9}"
EndProject
Project("{9A19103F-16F7-4668-BE54-9A1E7A4F7556}") = "IoT.BTS.HttpApi.Client", "..\Module\BTS\src\IoT.BTS.HttpApi.Client\IoT.BTS.HttpApi.Client.csproj", "{DBDA6DE4-530F-4B00-BA7A-6C177CCDC8C4}"
EndProject
Project("{9A19103F-16F7-4668-BE54-9A1E7A4F7556}") = "IoT.BTS.MongoDB", "..\Module\BTS\src\IoT.BTS.MongoDB\IoT.BTS.MongoDB.csproj", "{0186952B-C471-4DAC-B2A9-8E6717CA3B0C}"
EndProject
Project("{9A19103F-16F7-4668-BE54-9A1E7A4F7556}") = "IoT.BTS.Web", "..\Module\BTS\src\IoT.BTS.Web\IoT.BTS.Web.csproj", "{2AA525BA-512F-4620-851B-5AE13A6E5C5F}"
EndProject
Project("{2150E333-8FDC-42A3-9474-1A3956D46DE8}") = "Identity", "Identity", "{D4FEA192-2097-4510-A992-9136104C295E}"
EndProject
Project("{9A19103F-16F7-4668-BE54-9A1E7A4F7556}") = "Volo.Abp.Identity.Application", "..\Module\Identity\src\Volo.Abp.Identity.Application\Volo.Abp.Identity.Application.csproj", "{6484E71C-CFC3-4E64-96A1-1A07EF3FD767}"
EndProject
Project("{9A19103F-16F7-4668-BE54-9A1E7A4F7556}") = "Volo.Abp.Identity.Application.Contracts", "..\Module\Identity\src\Volo.Abp.Identity.Application.Contracts\Volo.Abp.Identity.Application.Contracts.csproj", "{BDA9B702-687D-4F4B-8039-233BDF7915D4}"
EndProject
Project("{9A19103F-16F7-4668-BE54-9A1E7A4F7556}") = "Volo.Abp.Identity.AspNetCore", "..\Module\Identity\src\Volo.Abp.Identity.AspNetCore\Volo.Abp.Identity.AspNetCore.csproj", "{C53A6BCF-70EC-4563-BA34-ADF80BBA5493}"
EndProject
Project("{9A19103F-16F7-4668-BE54-9A1E7A4F7556}") = "Volo.Abp.Identity.Blazor", "..\Module\Identity\src\Volo.Abp.Identity.Blazor\Volo.Abp.Identity.Blazor.csproj", "{53DE9CC3-10BB-46B2-AE9A-266C63BAF0C3}"
EndProject
Project("{9A19103F-16F7-4668-BE54-9A1E7A4F7556}") = "Volo.Abp.Identity.Domain", "..\Module\Identity\src\Volo.Abp.Identity.Domain\Volo.Abp.Identity.Domain.csproj", "{A1F41319-E6FE-4038-9D49-1E693682C128}"
EndProject
Project("{9A19103F-16F7-4668-BE54-9A1E7A4F7556}") = "Volo.Abp.Identity.Domain.Shared", "..\Module\Identity\src\Volo.Abp.Identity.Domain.Shared\Volo.Abp.Identity.Domain.Shared.csproj", "{8F41DCB8-2EF1-494B-8349-0E91A0EAB2EB}"
EndProject
Project("{9A19103F-16F7-4668-BE54-9A1E7A4F7556}") = "Volo.Abp.Identity.EntityFrameworkCore", "..\Module\Identity\src\Volo.Abp.Identity.EntityFrameworkCore\Volo.Abp.Identity.EntityFrameworkCore.csproj", "{4F7DC29A-771B-4DDE-8B42-27B454573661}"
EndProject
Project("{9A19103F-16F7-4668-BE54-9A1E7A4F7556}") = "Volo.Abp.Identity.HttpApi", "..\Module\Identity\src\Volo.Abp.Identity.HttpApi\Volo.Abp.Identity.HttpApi.csproj", "{0609D9F8-3029-4E7D-B4F5-78FF282C6EC9}"
EndProject
Project("{9A19103F-16F7-4668-BE54-9A1E7A4F7556}") = "Volo.Abp.Identity.HttpApi.Client", "..\Module\Identity\src\Volo.Abp.Identity.HttpApi.Client\Volo.Abp.Identity.HttpApi.Client.csproj", "{1410F4BE-5694-4E5F-9ADD-2664BEE6F5CD}"
EndProject
Project("{9A19103F-16F7-4668-BE54-9A1E7A4F7556}") = "Volo.Abp.Identity.MongoDB", "..\Module\Identity\src\Volo.Abp.Identity.MongoDB\Volo.Abp.Identity.MongoDB.csproj", "{BF146467-A1B2-4D20-B0F9-6BA7F795D75C}"
EndProject
Project("{9A19103F-16F7-4668-BE54-9A1E7A4F7556}") = "Volo.Abp.Identity.Web", "..\Module\Identity\src\Volo.Abp.Identity.Web\Volo.Abp.Identity.Web.csproj", "{34A63882-11D5-451B-BFE9-0FDC5532BC72}"
EndProject
Project("{9A19103F-16F7-4668-BE54-9A1E7A4F7556}") = "Volo.Abp.PermissionManagement.Domain.Identity", "..\Module\Identity\src\Volo.Abp.PermissionManagement.Domain.Identity\Volo.Abp.PermissionManagement.Domain.Identity.csproj", "{44DF0C68-3BB8-42AD-9018-42212F8D36FB}"
EndProject
Global
	GlobalSection(SolutionConfigurationPlatforms) = preSolution
		Debug|Any CPU = Debug|Any CPU
		Release|Any CPU = Release|Any CPU
	EndGlobalSection
	GlobalSection(ProjectConfigurationPlatforms) = postSolution
		{554AD327-6DBA-4F8F-96F8-81CE7A0C863F}.Debug|Any CPU.ActiveCfg = Debug|Any CPU
		{554AD327-6DBA-4F8F-96F8-81CE7A0C863F}.Debug|Any CPU.Build.0 = Debug|Any CPU
		{554AD327-6DBA-4F8F-96F8-81CE7A0C863F}.Release|Any CPU.ActiveCfg = Release|Any CPU
		{554AD327-6DBA-4F8F-96F8-81CE7A0C863F}.Release|Any CPU.Build.0 = Release|Any CPU
		{1A94A50E-06DC-43C1-80B5-B662820EC3EB}.Debug|Any CPU.ActiveCfg = Debug|Any CPU
		{1A94A50E-06DC-43C1-80B5-B662820EC3EB}.Debug|Any CPU.Build.0 = Debug|Any CPU
		{1A94A50E-06DC-43C1-80B5-B662820EC3EB}.Release|Any CPU.ActiveCfg = Release|Any CPU
		{1A94A50E-06DC-43C1-80B5-B662820EC3EB}.Release|Any CPU.Build.0 = Release|Any CPU
		{068855E8-9240-4F1A-910B-CF825794513B}.Debug|Any CPU.ActiveCfg = Debug|Any CPU
		{068855E8-9240-4F1A-910B-CF825794513B}.Debug|Any CPU.Build.0 = Debug|Any CPU
		{068855E8-9240-4F1A-910B-CF825794513B}.Release|Any CPU.ActiveCfg = Release|Any CPU
		{068855E8-9240-4F1A-910B-CF825794513B}.Release|Any CPU.Build.0 = Release|Any CPU
		{E3444355-D47E-431E-BDD0-DD3A7113B2AE}.Debug|Any CPU.ActiveCfg = Debug|Any CPU
		{E3444355-D47E-431E-BDD0-DD3A7113B2AE}.Debug|Any CPU.Build.0 = Debug|Any CPU
		{E3444355-D47E-431E-BDD0-DD3A7113B2AE}.Release|Any CPU.ActiveCfg = Release|Any CPU
		{E3444355-D47E-431E-BDD0-DD3A7113B2AE}.Release|Any CPU.Build.0 = Release|Any CPU
		{42F719ED-8413-4895-B5B4-5AB56079BC66}.Debug|Any CPU.ActiveCfg = Debug|Any CPU
		{42F719ED-8413-4895-B5B4-5AB56079BC66}.Debug|Any CPU.Build.0 = Debug|Any CPU
		{42F719ED-8413-4895-B5B4-5AB56079BC66}.Release|Any CPU.ActiveCfg = Release|Any CPU
		{42F719ED-8413-4895-B5B4-5AB56079BC66}.Release|Any CPU.Build.0 = Release|Any CPU
		{520659C8-C734-4298-A3DA-B539DB9DFC0B}.Debug|Any CPU.ActiveCfg = Debug|Any CPU
		{520659C8-C734-4298-A3DA-B539DB9DFC0B}.Debug|Any CPU.Build.0 = Debug|Any CPU
		{520659C8-C734-4298-A3DA-B539DB9DFC0B}.Release|Any CPU.ActiveCfg = Release|Any CPU
		{520659C8-C734-4298-A3DA-B539DB9DFC0B}.Release|Any CPU.Build.0 = Release|Any CPU
		{4164BDF7-F527-4E85-9CE6-E3C2D7426A27}.Debug|Any CPU.ActiveCfg = Debug|Any CPU
		{4164BDF7-F527-4E85-9CE6-E3C2D7426A27}.Debug|Any CPU.Build.0 = Debug|Any CPU
		{4164BDF7-F527-4E85-9CE6-E3C2D7426A27}.Release|Any CPU.ActiveCfg = Release|Any CPU
		{4164BDF7-F527-4E85-9CE6-E3C2D7426A27}.Release|Any CPU.Build.0 = Release|Any CPU
		{3B5A0094-670D-4BB1-BFDD-61B88A8773DC}.Debug|Any CPU.ActiveCfg = Debug|Any CPU
		{3B5A0094-670D-4BB1-BFDD-61B88A8773DC}.Debug|Any CPU.Build.0 = Debug|Any CPU
		{3B5A0094-670D-4BB1-BFDD-61B88A8773DC}.Release|Any CPU.ActiveCfg = Release|Any CPU
		{3B5A0094-670D-4BB1-BFDD-61B88A8773DC}.Release|Any CPU.Build.0 = Release|Any CPU
		{AA94D832-1CCC-4715-95A9-A483F23A1A5D}.Debug|Any CPU.ActiveCfg = Debug|Any CPU
		{AA94D832-1CCC-4715-95A9-A483F23A1A5D}.Debug|Any CPU.Build.0 = Debug|Any CPU
		{AA94D832-1CCC-4715-95A9-A483F23A1A5D}.Release|Any CPU.ActiveCfg = Release|Any CPU
		{AA94D832-1CCC-4715-95A9-A483F23A1A5D}.Release|Any CPU.Build.0 = Release|Any CPU
		{E4D2DE1C-49E4-44CA-9B93-C86516A41C86}.Debug|Any CPU.ActiveCfg = Debug|Any CPU
		{E4D2DE1C-49E4-44CA-9B93-C86516A41C86}.Debug|Any CPU.Build.0 = Debug|Any CPU
		{E4D2DE1C-49E4-44CA-9B93-C86516A41C86}.Release|Any CPU.ActiveCfg = Release|Any CPU
		{E4D2DE1C-49E4-44CA-9B93-C86516A41C86}.Release|Any CPU.Build.0 = Release|Any CPU
		{2855B062-0B46-487F-8137-5975F8CCB13C}.Debug|Any CPU.ActiveCfg = Debug|Any CPU
		{2855B062-0B46-487F-8137-5975F8CCB13C}.Debug|Any CPU.Build.0 = Debug|Any CPU
		{2855B062-0B46-487F-8137-5975F8CCB13C}.Release|Any CPU.ActiveCfg = Release|Any CPU
		{2855B062-0B46-487F-8137-5975F8CCB13C}.Release|Any CPU.Build.0 = Release|Any CPU
		{7794A817-5A02-4EBE-BAEF-4A1F6B78BEF8}.Debug|Any CPU.ActiveCfg = Debug|Any CPU
		{7794A817-5A02-4EBE-BAEF-4A1F6B78BEF8}.Debug|Any CPU.Build.0 = Debug|Any CPU
		{7794A817-5A02-4EBE-BAEF-4A1F6B78BEF8}.Release|Any CPU.ActiveCfg = Release|Any CPU
		{7794A817-5A02-4EBE-BAEF-4A1F6B78BEF8}.Release|Any CPU.Build.0 = Release|Any CPU
		{39D2CB5A-239B-43BC-A2EA-0A0C0AD7E815}.Debug|Any CPU.ActiveCfg = Debug|Any CPU
		{39D2CB5A-239B-43BC-A2EA-0A0C0AD7E815}.Debug|Any CPU.Build.0 = Debug|Any CPU
		{39D2CB5A-239B-43BC-A2EA-0A0C0AD7E815}.Release|Any CPU.ActiveCfg = Release|Any CPU
		{39D2CB5A-239B-43BC-A2EA-0A0C0AD7E815}.Release|Any CPU.Build.0 = Release|Any CPU
		{019FC3B0-3F88-47AA-8403-B0FED5CFDD95}.Debug|Any CPU.ActiveCfg = Debug|Any CPU
		{019FC3B0-3F88-47AA-8403-B0FED5CFDD95}.Debug|Any CPU.Build.0 = Debug|Any CPU
		{019FC3B0-3F88-47AA-8403-B0FED5CFDD95}.Release|Any CPU.ActiveCfg = Release|Any CPU
		{019FC3B0-3F88-47AA-8403-B0FED5CFDD95}.Release|Any CPU.Build.0 = Release|Any CPU
		{242A40B4-C329-49C0-9510-0439F89D91CE}.Debug|Any CPU.ActiveCfg = Debug|Any CPU
		{242A40B4-C329-49C0-9510-0439F89D91CE}.Debug|Any CPU.Build.0 = Debug|Any CPU
		{242A40B4-C329-49C0-9510-0439F89D91CE}.Release|Any CPU.ActiveCfg = Release|Any CPU
		{242A40B4-C329-49C0-9510-0439F89D91CE}.Release|Any CPU.Build.0 = Release|Any CPU
		{CF12614D-3A51-48C9-897A-0AD8EA3D7C4B}.Debug|Any CPU.ActiveCfg = Debug|Any CPU
		{CF12614D-3A51-48C9-897A-0AD8EA3D7C4B}.Debug|Any CPU.Build.0 = Debug|Any CPU
		{CF12614D-3A51-48C9-897A-0AD8EA3D7C4B}.Release|Any CPU.ActiveCfg = Release|Any CPU
		{CF12614D-3A51-48C9-897A-0AD8EA3D7C4B}.Release|Any CPU.Build.0 = Release|Any CPU
		{279E45D6-53B2-4029-A52D-91CA2D272477}.Debug|Any CPU.ActiveCfg = Debug|Any CPU
		{279E45D6-53B2-4029-A52D-91CA2D272477}.Debug|Any CPU.Build.0 = Debug|Any CPU
		{279E45D6-53B2-4029-A52D-91CA2D272477}.Release|Any CPU.ActiveCfg = Release|Any CPU
		{279E45D6-53B2-4029-A52D-91CA2D272477}.Release|Any CPU.Build.0 = Release|Any CPU
		{806FBBE5-3171-43C3-97FD-4A227F5B7A99}.Debug|Any CPU.ActiveCfg = Debug|Any CPU
		{806FBBE5-3171-43C3-97FD-4A227F5B7A99}.Debug|Any CPU.Build.0 = Debug|Any CPU
		{806FBBE5-3171-43C3-97FD-4A227F5B7A99}.Release|Any CPU.ActiveCfg = Release|Any CPU
		{806FBBE5-3171-43C3-97FD-4A227F5B7A99}.Release|Any CPU.Build.0 = Release|Any CPU
		{62E3D3FF-B8E3-4205-8F19-FFFCA38FBB3D}.Debug|Any CPU.ActiveCfg = Debug|Any CPU
		{62E3D3FF-B8E3-4205-8F19-FFFCA38FBB3D}.Debug|Any CPU.Build.0 = Debug|Any CPU
		{62E3D3FF-B8E3-4205-8F19-FFFCA38FBB3D}.Release|Any CPU.ActiveCfg = Release|Any CPU
		{62E3D3FF-B8E3-4205-8F19-FFFCA38FBB3D}.Release|Any CPU.Build.0 = Release|Any CPU
		{A495DF7C-64E6-4D9A-A954-55C8D2C018FA}.Debug|Any CPU.ActiveCfg = Debug|Any CPU
		{A495DF7C-64E6-4D9A-A954-55C8D2C018FA}.Debug|Any CPU.Build.0 = Debug|Any CPU
		{A495DF7C-64E6-4D9A-A954-55C8D2C018FA}.Release|Any CPU.ActiveCfg = Release|Any CPU
		{A495DF7C-64E6-4D9A-A954-55C8D2C018FA}.Release|Any CPU.Build.0 = Release|Any CPU
		{77B06FD6-1494-45CC-90FB-A7DD29DFF280}.Debug|Any CPU.ActiveCfg = Debug|Any CPU
		{77B06FD6-1494-45CC-90FB-A7DD29DFF280}.Debug|Any CPU.Build.0 = Debug|Any CPU
		{77B06FD6-1494-45CC-90FB-A7DD29DFF280}.Release|Any CPU.ActiveCfg = Release|Any CPU
		{77B06FD6-1494-45CC-90FB-A7DD29DFF280}.Release|Any CPU.Build.0 = Release|Any CPU
		{91BDC7B7-D714-4F60-AA8F-4128EDEE6795}.Debug|Any CPU.ActiveCfg = Debug|Any CPU
		{91BDC7B7-D714-4F60-AA8F-4128EDEE6795}.Debug|Any CPU.Build.0 = Debug|Any CPU
		{91BDC7B7-D714-4F60-AA8F-4128EDEE6795}.Release|Any CPU.ActiveCfg = Release|Any CPU
		{91BDC7B7-D714-4F60-AA8F-4128EDEE6795}.Release|Any CPU.Build.0 = Release|Any CPU
		{4556C2AA-078C-4267-B7CB-A1436FD1E212}.Debug|Any CPU.ActiveCfg = Debug|Any CPU
		{4556C2AA-078C-4267-B7CB-A1436FD1E212}.Debug|Any CPU.Build.0 = Debug|Any CPU
		{4556C2AA-078C-4267-B7CB-A1436FD1E212}.Release|Any CPU.ActiveCfg = Release|Any CPU
		{4556C2AA-078C-4267-B7CB-A1436FD1E212}.Release|Any CPU.Build.0 = Release|Any CPU
		{A5E757A5-84A6-485E-8D7B-0E17177F5479}.Debug|Any CPU.ActiveCfg = Debug|Any CPU
		{A5E757A5-84A6-485E-8D7B-0E17177F5479}.Debug|Any CPU.Build.0 = Debug|Any CPU
		{A5E757A5-84A6-485E-8D7B-0E17177F5479}.Release|Any CPU.ActiveCfg = Release|Any CPU
		{A5E757A5-84A6-485E-8D7B-0E17177F5479}.Release|Any CPU.Build.0 = Release|Any CPU
		{17195786-ADE7-49AB-A0A4-BEA735DA33E9}.Debug|Any CPU.ActiveCfg = Debug|Any CPU
		{17195786-ADE7-49AB-A0A4-BEA735DA33E9}.Debug|Any CPU.Build.0 = Debug|Any CPU
		{17195786-ADE7-49AB-A0A4-BEA735DA33E9}.Release|Any CPU.ActiveCfg = Release|Any CPU
		{17195786-ADE7-49AB-A0A4-BEA735DA33E9}.Release|Any CPU.Build.0 = Release|Any CPU
		{DBDA6DE4-530F-4B00-BA7A-6C177CCDC8C4}.Debug|Any CPU.ActiveCfg = Debug|Any CPU
		{DBDA6DE4-530F-4B00-BA7A-6C177CCDC8C4}.Debug|Any CPU.Build.0 = Debug|Any CPU
		{DBDA6DE4-530F-4B00-BA7A-6C177CCDC8C4}.Release|Any CPU.ActiveCfg = Release|Any CPU
		{DBDA6DE4-530F-4B00-BA7A-6C177CCDC8C4}.Release|Any CPU.Build.0 = Release|Any CPU
		{0186952B-C471-4DAC-B2A9-8E6717CA3B0C}.Debug|Any CPU.ActiveCfg = Debug|Any CPU
		{0186952B-C471-4DAC-B2A9-8E6717CA3B0C}.Debug|Any CPU.Build.0 = Debug|Any CPU
		{0186952B-C471-4DAC-B2A9-8E6717CA3B0C}.Release|Any CPU.ActiveCfg = Release|Any CPU
		{0186952B-C471-4DAC-B2A9-8E6717CA3B0C}.Release|Any CPU.Build.0 = Release|Any CPU
		{2AA525BA-512F-4620-851B-5AE13A6E5C5F}.Debug|Any CPU.ActiveCfg = Debug|Any CPU
		{2AA525BA-512F-4620-851B-5AE13A6E5C5F}.Debug|Any CPU.Build.0 = Debug|Any CPU
		{2AA525BA-512F-4620-851B-5AE13A6E5C5F}.Release|Any CPU.ActiveCfg = Release|Any CPU
		{2AA525BA-512F-4620-851B-5AE13A6E5C5F}.Release|Any CPU.Build.0 = Release|Any CPU
		{6484E71C-CFC3-4E64-96A1-1A07EF3FD767}.Debug|Any CPU.ActiveCfg = Debug|Any CPU
		{6484E71C-CFC3-4E64-96A1-1A07EF3FD767}.Debug|Any CPU.Build.0 = Debug|Any CPU
		{6484E71C-CFC3-4E64-96A1-1A07EF3FD767}.Release|Any CPU.ActiveCfg = Release|Any CPU
		{6484E71C-CFC3-4E64-96A1-1A07EF3FD767}.Release|Any CPU.Build.0 = Release|Any CPU
		{BDA9B702-687D-4F4B-8039-233BDF7915D4}.Debug|Any CPU.ActiveCfg = Debug|Any CPU
		{BDA9B702-687D-4F4B-8039-233BDF7915D4}.Debug|Any CPU.Build.0 = Debug|Any CPU
		{BDA9B702-687D-4F4B-8039-233BDF7915D4}.Release|Any CPU.ActiveCfg = Release|Any CPU
		{BDA9B702-687D-4F4B-8039-233BDF7915D4}.Release|Any CPU.Build.0 = Release|Any CPU
		{C53A6BCF-70EC-4563-BA34-ADF80BBA5493}.Debug|Any CPU.ActiveCfg = Debug|Any CPU
		{C53A6BCF-70EC-4563-BA34-ADF80BBA5493}.Debug|Any CPU.Build.0 = Debug|Any CPU
		{C53A6BCF-70EC-4563-BA34-ADF80BBA5493}.Release|Any CPU.ActiveCfg = Release|Any CPU
		{C53A6BCF-70EC-4563-BA34-ADF80BBA5493}.Release|Any CPU.Build.0 = Release|Any CPU
		{53DE9CC3-10BB-46B2-AE9A-266C63BAF0C3}.Debug|Any CPU.ActiveCfg = Debug|Any CPU
		{53DE9CC3-10BB-46B2-AE9A-266C63BAF0C3}.Debug|Any CPU.Build.0 = Debug|Any CPU
		{53DE9CC3-10BB-46B2-AE9A-266C63BAF0C3}.Release|Any CPU.ActiveCfg = Release|Any CPU
		{53DE9CC3-10BB-46B2-AE9A-266C63BAF0C3}.Release|Any CPU.Build.0 = Release|Any CPU
		{A1F41319-E6FE-4038-9D49-1E693682C128}.Debug|Any CPU.ActiveCfg = Debug|Any CPU
		{A1F41319-E6FE-4038-9D49-1E693682C128}.Debug|Any CPU.Build.0 = Debug|Any CPU
		{A1F41319-E6FE-4038-9D49-1E693682C128}.Release|Any CPU.ActiveCfg = Release|Any CPU
		{A1F41319-E6FE-4038-9D49-1E693682C128}.Release|Any CPU.Build.0 = Release|Any CPU
		{8F41DCB8-2EF1-494B-8349-0E91A0EAB2EB}.Debug|Any CPU.ActiveCfg = Debug|Any CPU
		{8F41DCB8-2EF1-494B-8349-0E91A0EAB2EB}.Debug|Any CPU.Build.0 = Debug|Any CPU
		{8F41DCB8-2EF1-494B-8349-0E91A0EAB2EB}.Release|Any CPU.ActiveCfg = Release|Any CPU
		{8F41DCB8-2EF1-494B-8349-0E91A0EAB2EB}.Release|Any CPU.Build.0 = Release|Any CPU
		{4F7DC29A-771B-4DDE-8B42-27B454573661}.Debug|Any CPU.ActiveCfg = Debug|Any CPU
		{4F7DC29A-771B-4DDE-8B42-27B454573661}.Debug|Any CPU.Build.0 = Debug|Any CPU
		{4F7DC29A-771B-4DDE-8B42-27B454573661}.Release|Any CPU.ActiveCfg = Release|Any CPU
		{4F7DC29A-771B-4DDE-8B42-27B454573661}.Release|Any CPU.Build.0 = Release|Any CPU
		{0609D9F8-3029-4E7D-B4F5-78FF282C6EC9}.Debug|Any CPU.ActiveCfg = Debug|Any CPU
		{0609D9F8-3029-4E7D-B4F5-78FF282C6EC9}.Debug|Any CPU.Build.0 = Debug|Any CPU
		{0609D9F8-3029-4E7D-B4F5-78FF282C6EC9}.Release|Any CPU.ActiveCfg = Release|Any CPU
		{0609D9F8-3029-4E7D-B4F5-78FF282C6EC9}.Release|Any CPU.Build.0 = Release|Any CPU
		{1410F4BE-5694-4E5F-9ADD-2664BEE6F5CD}.Debug|Any CPU.ActiveCfg = Debug|Any CPU
		{1410F4BE-5694-4E5F-9ADD-2664BEE6F5CD}.Debug|Any CPU.Build.0 = Debug|Any CPU
		{1410F4BE-5694-4E5F-9ADD-2664BEE6F5CD}.Release|Any CPU.ActiveCfg = Release|Any CPU
		{1410F4BE-5694-4E5F-9ADD-2664BEE6F5CD}.Release|Any CPU.Build.0 = Release|Any CPU
		{BF146467-A1B2-4D20-B0F9-6BA7F795D75C}.Debug|Any CPU.ActiveCfg = Debug|Any CPU
		{BF146467-A1B2-4D20-B0F9-6BA7F795D75C}.Debug|Any CPU.Build.0 = Debug|Any CPU
		{BF146467-A1B2-4D20-B0F9-6BA7F795D75C}.Release|Any CPU.ActiveCfg = Release|Any CPU
		{BF146467-A1B2-4D20-B0F9-6BA7F795D75C}.Release|Any CPU.Build.0 = Release|Any CPU
		{34A63882-11D5-451B-BFE9-0FDC5532BC72}.Debug|Any CPU.ActiveCfg = Debug|Any CPU
		{34A63882-11D5-451B-BFE9-0FDC5532BC72}.Debug|Any CPU.Build.0 = Debug|Any CPU
		{34A63882-11D5-451B-BFE9-0FDC5532BC72}.Release|Any CPU.ActiveCfg = Release|Any CPU
		{34A63882-11D5-451B-BFE9-0FDC5532BC72}.Release|Any CPU.Build.0 = Release|Any CPU
		{44DF0C68-3BB8-42AD-9018-42212F8D36FB}.Debug|Any CPU.ActiveCfg = Debug|Any CPU
		{44DF0C68-3BB8-42AD-9018-42212F8D36FB}.Debug|Any CPU.Build.0 = Debug|Any CPU
		{44DF0C68-3BB8-42AD-9018-42212F8D36FB}.Release|Any CPU.ActiveCfg = Release|Any CPU
		{44DF0C68-3BB8-42AD-9018-42212F8D36FB}.Release|Any CPU.Build.0 = Release|Any CPU
	EndGlobalSection
	GlobalSection(SolutionProperties) = preSolution
		HideSolutionNode = FALSE
	EndGlobalSection
	GlobalSection(NestedProjects) = preSolution
		{554AD327-6DBA-4F8F-96F8-81CE7A0C863F} = {CA9AC87F-097E-4F15-8393-4BC07735A5B0}
		{1A94A50E-06DC-43C1-80B5-B662820EC3EB} = {CA9AC87F-097E-4F15-8393-4BC07735A5B0}
		{068855E8-9240-4F1A-910B-CF825794513B} = {CA9AC87F-097E-4F15-8393-4BC07735A5B0}
		{E3444355-D47E-431E-BDD0-DD3A7113B2AE} = {CA9AC87F-097E-4F15-8393-4BC07735A5B0}
		{42F719ED-8413-4895-B5B4-5AB56079BC66} = {CA9AC87F-097E-4F15-8393-4BC07735A5B0}
		{520659C8-C734-4298-A3DA-B539DB9DFC0B} = {CA9AC87F-097E-4F15-8393-4BC07735A5B0}
		{4164BDF7-F527-4E85-9CE6-E3C2D7426A27} = {CA9AC87F-097E-4F15-8393-4BC07735A5B0}
		{3B5A0094-670D-4BB1-BFDD-61B88A8773DC} = {CA9AC87F-097E-4F15-8393-4BC07735A5B0}
		{AA94D832-1CCC-4715-95A9-A483F23A1A5D} = {CA9AC87F-097E-4F15-8393-4BC07735A5B0}
		{9407C87A-1F57-4317-B281-AB1E5A3758FC} = {C74AECF3-8ACB-46A4-9A21-AD2E20CCD8B0}
		{E4D2DE1C-49E4-44CA-9B93-C86516A41C86} = {9407C87A-1F57-4317-B281-AB1E5A3758FC}
		{2855B062-0B46-487F-8137-5975F8CCB13C} = {9407C87A-1F57-4317-B281-AB1E5A3758FC}
		{7794A817-5A02-4EBE-BAEF-4A1F6B78BEF8} = {9407C87A-1F57-4317-B281-AB1E5A3758FC}
		{39D2CB5A-239B-43BC-A2EA-0A0C0AD7E815} = {9407C87A-1F57-4317-B281-AB1E5A3758FC}
		{019FC3B0-3F88-47AA-8403-B0FED5CFDD95} = {9407C87A-1F57-4317-B281-AB1E5A3758FC}
		{242A40B4-C329-49C0-9510-0439F89D91CE} = {9407C87A-1F57-4317-B281-AB1E5A3758FC}
		{CF12614D-3A51-48C9-897A-0AD8EA3D7C4B} = {9407C87A-1F57-4317-B281-AB1E5A3758FC}
		{289FC0E7-35D3-4626-8109-E8FFF7CFEE0C} = {C74AECF3-8ACB-46A4-9A21-AD2E20CCD8B0}
		{279E45D6-53B2-4029-A52D-91CA2D272477} = {289FC0E7-35D3-4626-8109-E8FFF7CFEE0C}
		{806FBBE5-3171-43C3-97FD-4A227F5B7A99} = {289FC0E7-35D3-4626-8109-E8FFF7CFEE0C}
		{5B1BB215-8283-4EB3-9F3E-21FBEC7B18AC} = {C74AECF3-8ACB-46A4-9A21-AD2E20CCD8B0}
		{62E3D3FF-B8E3-4205-8F19-FFFCA38FBB3D} = {5B1BB215-8283-4EB3-9F3E-21FBEC7B18AC}
		{A495DF7C-64E6-4D9A-A954-55C8D2C018FA} = {5B1BB215-8283-4EB3-9F3E-21FBEC7B18AC}
		{77B06FD6-1494-45CC-90FB-A7DD29DFF280} = {5B1BB215-8283-4EB3-9F3E-21FBEC7B18AC}
		{91BDC7B7-D714-4F60-AA8F-4128EDEE6795} = {5B1BB215-8283-4EB3-9F3E-21FBEC7B18AC}
		{4556C2AA-078C-4267-B7CB-A1436FD1E212} = {5B1BB215-8283-4EB3-9F3E-21FBEC7B18AC}
		{A5E757A5-84A6-485E-8D7B-0E17177F5479} = {5B1BB215-8283-4EB3-9F3E-21FBEC7B18AC}
		{17195786-ADE7-49AB-A0A4-BEA735DA33E9} = {5B1BB215-8283-4EB3-9F3E-21FBEC7B18AC}
		{DBDA6DE4-530F-4B00-BA7A-6C177CCDC8C4} = {5B1BB215-8283-4EB3-9F3E-21FBEC7B18AC}
		{0186952B-C471-4DAC-B2A9-8E6717CA3B0C} = {5B1BB215-8283-4EB3-9F3E-21FBEC7B18AC}
		{2AA525BA-512F-4620-851B-5AE13A6E5C5F} = {5B1BB215-8283-4EB3-9F3E-21FBEC7B18AC}
		{D4FEA192-2097-4510-A992-9136104C295E} = {C74AECF3-8ACB-46A4-9A21-AD2E20CCD8B0}
		{6484E71C-CFC3-4E64-96A1-1A07EF3FD767} = {D4FEA192-2097-4510-A992-9136104C295E}
		{BDA9B702-687D-4F4B-8039-233BDF7915D4} = {D4FEA192-2097-4510-A992-9136104C295E}
		{C53A6BCF-70EC-4563-BA34-ADF80BBA5493} = {D4FEA192-2097-4510-A992-9136104C295E}
		{53DE9CC3-10BB-46B2-AE9A-266C63BAF0C3} = {D4FEA192-2097-4510-A992-9136104C295E}
		{A1F41319-E6FE-4038-9D49-1E693682C128} = {D4FEA192-2097-4510-A992-9136104C295E}
		{8F41DCB8-2EF1-494B-8349-0E91A0EAB2EB} = {D4FEA192-2097-4510-A992-9136104C295E}
		{4F7DC29A-771B-4DDE-8B42-27B454573661} = {D4FEA192-2097-4510-A992-9136104C295E}
		{0609D9F8-3029-4E7D-B4F5-78FF282C6EC9} = {D4FEA192-2097-4510-A992-9136104C295E}
		{1410F4BE-5694-4E5F-9ADD-2664BEE6F5CD} = {D4FEA192-2097-4510-A992-9136104C295E}
		{BF146467-A1B2-4D20-B0F9-6BA7F795D75C} = {D4FEA192-2097-4510-A992-9136104C295E}
		{34A63882-11D5-451B-BFE9-0FDC5532BC72} = {D4FEA192-2097-4510-A992-9136104C295E}
		{44DF0C68-3BB8-42AD-9018-42212F8D36FB} = {D4FEA192-2097-4510-A992-9136104C295E}
	EndGlobalSection
	GlobalSection(ExtensibilityGlobals) = postSolution
		SolutionGuid = {28315BFD-90E7-4E14-A2EA-F3D23AF4126F}
	EndGlobalSection
EndGlobal
